
Microsoft Visual Studio Solution File, Format Version 12.00
# Visual Studio Version 17
VisualStudioVersion = 17.3.32929.385
MinimumVisualStudioVersion = 10.0.40219.1
Project("{FAE04EC0-301F-11D3-BF4B-00C04F79EFBC}") = "ProyectoEloBoost", "ProyectoEloBoost\ProyectoEloBoost.csproj", "{DCDDC904-42DE-4D19-B5D7-2222CDB2AF1B}"
EndProject
Global
	GlobalSection(SolutionConfigurationPlatforms) = preSolution
		Debug|Any CPU = Debug|Any CPU
		Release|Any CPU = Release|Any CPU
	EndGlobalSection
	GlobalSection(ProjectConfigurationPlatforms) = postSolution
		{DCDDC904-42DE-4D19-B5D7-2222CDB2AF1B}.Debug|Any CPU.ActiveCfg = Debug|Any CPU
		{DCDDC904-42DE-4D19-B5D7-2222CDB2AF1B}.Debug|Any CPU.Build.0 = Debug|Any CPU
		{DCDDC904-42DE-4D19-B5D7-2222CDB2AF1B}.Release|Any CPU.ActiveCfg = Release|Any CPU
		{DCDDC904-42DE-4D19-B5D7-2222CDB2AF1B}.Release|Any CPU.Build.0 = Release|Any CPU
	EndGlobalSection
	GlobalSection(SolutionProperties) = preSolution
		HideSolutionNode = FALSE
	EndGlobalSection
	GlobalSection(ExtensibilityGlobals) = postSolution
		SolutionGuid = {4CF6BDC2-476B-4315-8560-AFEF5820A687}
	EndGlobalSection
EndGlobal
